{
  "name": "publisher",
  "version": "1.0.0",
  "lockfileVersion": 1,
  "requires": true,
  "dependencies": {
    "nats": {
      "version": "2.10.2",
      "resolved": "https://registry.npmjs.org/nats/-/nats-2.10.2.tgz",
      "integrity": "sha512-U+3bjrYT/MqEkWDoHH9ql2rm8qt4s8z49yUjvryBvjEV0GtObTqa+BUpcTK6v2SE5fv09qcP7BcfUK0k0/gB0g==",
      "requires": {
        "nkeys.js": "1.0.4",
        "web-streams-polyfill": "^3.2.1"
      }
    },
    "nkeys.js": {
      "version": "1.0.4",
      "resolved": "https://registry.npmjs.org/nkeys.js/-/nkeys.js-1.0.4.tgz",
      "integrity": "sha512-xeNDE6Ha5I3b3PnlHyT9AbmBxq3Vb9KHzmaI/h4IXYg0PUVZSUXNHNhTfU20oBsubw2ZdV/1AdC6hnRuMiZfMQ==",
      "requires": {
        "tweetnacl": "1.0.3"
      }
    },
    "tweetnacl": {
      "version": "1.0.3",
      "resolved": "https://registry.npmjs.org/tweetnacl/-/tweetnacl-1.0.3.tgz",
      "integrity": "sha512-6rt+RN7aOi1nGMyC4Xa5DdYiukl2UWCbcJft7YhxReBGQD7OAM8Pbxw6YMo4r2diNEA8FEmu32YOn9rhaiE5yw=="
    },
    "web-streams-polyfill": {
      "version": "3.2.1",
      "resolved": "https://registry.npmjs.org/web-streams-polyfill/-/web-streams-polyfill-3.2.1.tgz",
      "integrity": "sha512-e0MO3wdXWKrLbL0DgGnUV7WHVuw9OUvL4hjgnPkIeEvESk74gAITi5G606JtZPp39cd8HA9VQzCIvA49LpPN5Q=="
    }
  }
}
